// !$*UTF8*$!
{
	archiveVersion = 1;
	classes = {
	};
	objectVersion = 46;
	objects = {

/* Begin PBXBuildFile section */
		23F1FA671CEE4628009FF641 /* AppDelegate.swift in Sources */ = {isa = PBXBuildFile; fileRef = 23F1FA661CEE4628009FF641 /* AppDelegate.swift */; };
		23F1FA691CEE4628009FF641 /* ViewController.swift in Sources */ = {isa = PBXBuildFile; fileRef = 23F1FA681CEE4628009FF641 /* ViewController.swift */; };
		23F1FA6C1CEE4628009FF641 /* Main.storyboard in Resources */ = {isa = PBXBuildFile; fileRef = 23F1FA6A1CEE4628009FF641 /* Main.storyboard */; };
		23F1FA6E1CEE4628009FF641 /* Assets.xcassets in Resources */ = {isa = PBXBuildFile; fileRef = 23F1FA6D1CEE4628009FF641 /* Assets.xcassets */; };
		23F1FA711CEE4628009FF641 /* LaunchScreen.storyboard in Resources */ = {isa = PBXBuildFile; fileRef = 23F1FA6F1CEE4628009FF641 /* LaunchScreen.storyboard */; };
/* End PBXBuildFile section */

/* Begin PBXFileReference section */
		23F1FA631CEE4628009FF641 /* AppleHelloWorld.app */ = {isa = PBXFileReference; explicitFileType = wrapper.application; includeInIndex = 0; path = AppleHelloWorld.app; sourceTree = BUILT_PRODUCTS_DIR; };
		23F1FA661CEE4628009FF641 /* AppDelegate.swift */ = {isa = PBXFileReference; lastKnownFileType = sourcecode.swift; path = AppDelegate.swift; sourceTree = "<group>"; };
		23F1FA681CEE4628009FF641 /* ViewController.swift */ = {isa = PBXFileReference; lastKnownFileType = sourcecode.swift; path = ViewController.swift; sourceTree = "<group>"; };
		23F1FA6B1CEE4628009FF641 /* Base */ = {isa = PBXFileReference; lastKnownFileType = file.storyboard; name = Base; path = Base.lproj/Main.storyboard; sourceTree = "<group>"; };
		23F1FA6D1CEE4628009FF641 /* Assets.xcassets */ = {isa = PBXFileReference; lastKnownFileType = folder.assetcatalog; path = Assets.xcassets; sourceTree = "<group>"; };
		23F1FA701CEE4628009FF641 /* Base */ = {isa = PBXFileReference; lastKnownFileType = file.storyboard; name = Base; path = Base.lproj/LaunchScreen.storyboard; sourceTree = "<group>"; };
		23F1FA721CEE4628009FF641 /* Info.plist */ = {isa = PBXFileReference; lastKnownFileType = text.plist.xml; path = Info.plist; sourceTree = "<group>"; };
/* End PBXFileReference section */

/* Begin PBXFrameworksBuildPhase section */
		23F1FA601CEE4628009FF641 /* Frameworks */ = {
			isa = PBXFrameworksBuildPhase;
			buildActionMask = 2147483647;
			files = (
			);
			runOnlyForDeploymentPostprocessing = 0;
		};
/* End PBXFrameworksBuildPhase section */

/* Begin PBXGroup section */
		23F1FA5A1CEE4628009FF641 = {
			isa = PBXGroup;
			children = (
				23F1FA651CEE4628009FF641 /* AppleHelloWorld */,
				23F1FA641CEE4628009FF641 /* Products */,
			);
			sourceTree = "<group>";
		};
		23F1FA641CEE4628009FF641 /* Products */ = {
			isa = PBXGroup;
			children = (
				23F1FA631CEE4628009FF641 /* AppleHelloWorld.app */,
			);
			name = Products;
			sourceTree = "<group>";
		};
		23F1FA651CEE4628009FF641 /* AppleHelloWorld */ = {
			isa = PBXGroup;
			children = (
				23F1FA661CEE4628009FF641 /* AppDelegate.swift */,
				23F1FA681CEE4628009FF641 /* ViewController.swift */,
				23F1FA6A1CEE4628009FF641 /* Main.storyboard */,
				23F1FA6D1CEE4628009FF641 /* Assets.xcassets */,
				23F1FA6F1CEE4628009FF641 /* LaunchScreen.storyboard */,
				23F1FA721CEE4628009FF641 /* Info.plist */,
			);
			name = AppleHelloWorld;
			path = AppleHelloWorldV2;
			sourceTree = "<group>";
		};
/* End PBXGroup section */

/* Begin PBXNativeTarget section */
		23F1FA621CEE4628009FF641 /* AppleHelloWorld */ = {
			isa = PBXNativeTarget;
			buildConfigurationList = 23F1FA751CEE4628009FF641 /* Build configuration list for PBXNativeTarget "AppleHelloWorld" */;
			buildPhases = (
				23F1FA5F1CEE4628009FF641 /* Sources */,
				23F1FA601CEE4628009FF641 /* Frameworks */,
				23F1FA611CEE4628009FF641 /* Resources */,
			);
			buildRules = (
			);
			dependencies = (
			);
			name = AppleHelloWorld;
			productName = AppleHelloWorldV2;
			productReference = 23F1FA631CEE4628009FF641 /* AppleHelloWorld.app */;
			productType = "com.apple.product-type.application";
		};
/* End PBXNativeTarget section */

/* Begin PBXProject section */
		23F1FA5B1CEE4628009FF641 /* Project object */ = {
			isa = PBXProject;
			attributes = {
				LastSwiftUpdateCheck = 0730;
				LastUpgradeCheck = 0730;
				ORGANIZATIONNAME = "Yegor's iOS Workshop";
				TargetAttributes = {
					23F1FA621CEE4628009FF641 = {
						CreatedOnToolsVersion = 7.3.1;
						DevelopmentTeam = BKZ64B4S5A;
					};
				};
			};
			buildConfigurationList = 23F1FA5E1CEE4628009FF641 /* Build configuration list for PBXProject "AppleHelloWorld" */;
			compatibilityVersion = "Xcode 3.2";
			developmentRegion = English;
			hasScannedForEncodings = 0;
			knownRegions = (
				en,
				Base,
			);
			mainGroup = 23F1FA5A1CEE4628009FF641;
			productRefGroup = 23F1FA641CEE4628009FF641 /* Products */;
			projectDirPath = "";
			projectRoot = "";
			targets = (
				23F1FA621CEE4628009FF641 /* AppleHelloWorld */,
			);
		};
/* End PBXProject section */

/* Begin PBXResourcesBuildPhase section */
		23F1FA611CEE4628009FF641 /* Resources */ = {
			isa = PBXResourcesBuildPhase;
			buildActionMask = 2147483647;
			files = (
				23F1FA711CEE4628009FF641 /* LaunchScreen.storyboard in Resources */,
				23F1FA6E1CEE4628009FF641 /* Assets.xcassets in Resources */,
				23F1FA6C1CEE4628009FF641 /* Main.storyboard in Resources */,
			);
			runOnlyForDeploymentPostprocessing = 0;
		};
/* End PBXResourcesBuildPhase section */

/* Begin PBXSourcesBuildPhase section */
		23F1FA5F1CEE4628009FF641 /* Sources */ = {
			isa = PBXSourcesBuildPhase;
			buildActionMask = 2147483647;
			files = (
				23F1FA691CEE4628009FF641 /* ViewController.swift in Sources */,
				23F1FA671CEE4628009FF641 /* AppDelegate.swift in Sources */,
			);
			runOnlyForDeploymentPostprocessing = 0;
		};
/* End PBXSourcesBuildPhase section */

/* Begin PBXVariantGroup section */
		23F1FA6A1CEE4628009FF641 /* Main.storyboard */ = {
			isa = PBXVariantGroup;
			children = (
				23F1FA6B1CEE4628009FF641 /* Base */,
			);
			name = Main.storyboard;
			sourceTree = "<group>";
		};
		23F1FA6F1CEE4628009FF641 /* LaunchScreen.storyboard */ = {
			isa = PBXVariantGroup;
			children = (
				23F1FA701CEE4628009FF641 /* Base */,
			);
			name = LaunchScreen.storyboard;
			sourceTree = "<group>";
		};
/* End PBXVariantGroup section */

/* Begin XCBuildConfiguration section */
		23F1FA731CEE4628009FF641 /* Debug */ = {
			isa = XCBuildConfiguration;
			buildSettings = {
				ALWAYS_SEARCH_USER_PATHS = NO;
				CLANG_ANALYZER_NONNULL = YES;
				CLANG_CXX_LANGUAGE_STANDARD = "gnu++0x";
				CLANG_CXX_LIBRARY = "libc++";
				CLANG_ENABLE_MODULES = YES;
				CLANG_ENABLE_OBJC_ARC = YES;
				CLANG_WARN_BOOL_CONVERSION = YES;
				CLANG_WARN_CONSTANT_CONVERSION = YES;
				CLANG_WARN_DIRECT_OBJC_ISA_USAGE = YES_ERROR;
				CLANG_WARN_EMPTY_BODY = YES;
				CLANG_WARN_ENUM_CONVERSION = YES;
				CLANG_WARN_INT_CONVERSION = YES;
				CLANG_WARN_OBJC_ROOT_CLASS = YES_ERROR;
				CLANG_WARN_UNREACHABLE_CODE = YES;
				CLANG_WARN__DUPLICATE_METHOD_MATCH = YES;
				"CODE_SIGN_IDENTITY[sdk=iphoneos*]" = "iPhone Developer";
				COPY_PHASE_STRIP = NO;
				DEBUG_INFORMATION_FORMAT = dwarf;
				ENABLE_STRICT_OBJC_MSGSEND = YES;
				ENABLE_TESTABILITY = YES;
				GCC_C_LANGUAGE_STANDARD = gnu99;
				GCC_DYNAMIC_NO_PIC = NO;
				GCC_NO_COMMON_BLOCKS = YES;
				GCC_OPTIMIZATION_LEVEL = 0;
				GCC_PREPROCESSOR_DEFINITIONS = (
					"DEBUG=1",
					"$(inherited)",
				);
				GCC_WARN_64_TO_32_BIT_CONVERSION = YES;
				GCC_WARN_ABOUT_RETURN_TYPE = YES_ERROR;
				GCC_WARN_UNDECLARED_SELECTOR = YES;
				GCC_WARN_UNINITIALIZED_AUTOS = YES_AGGRESSIVE;
				GCC_WARN_UNUSED_FUNCTION = YES;
				GCC_WARN_UNUSED_VARIABLE = YES;
				IPHONEOS_DEPLOYMENT_TARGET = 9.3;
				MTL_ENABLE_DEBUG_INFO = YES;
				ONLY_ACTIVE_ARCH = YES;
				SDKROOT = iphoneos;
				SWIFT_OPTIMIZATION_LEVEL = "-Onone";
			};
			name = Debug;
		};
		23F1FA741CEE4628009FF641 /* Release */ = {
			isa = XCBuildConfiguration;
			buildSettings = {
				ALWAYS_SEARCH_USER_PATHS = NO;
				CLANG_ANALYZER_NONNULL = YES;
				CLANG_CXX_LANGUAGE_STANDARD = "gnu++0x";
				CLANG_CXX_LIBRARY = "libc++";
				CLANG_ENABLE_MODULES = YES;
				CLANG_ENABLE_OBJC_ARC = YES;
				CLANG_WARN_BOOL_CONVERSION = YES;
				CLANG_WARN_CONSTANT_CONVERSION = YES;
				CLANG_WARN_DIRECT_OBJC_ISA_USAGE = YES_ERROR;
				CLANG_WARN_EMPTY_BODY = YES;
				CLANG_WARN_ENUM_CONVERSION = YES;
				CLANG_WARN_INT_CONVERSION = YES;
				CLANG_WARN_OBJC_ROOT_CLASS = YES_ERROR;
				CLANG_WARN_UNREACHABLE_CODE = YES;
				CLANG_WARN__DUPLICATE_METHOD_MATCH = YES;
				"CODE_SIGN_IDENTITY[sdk=iphoneos*]" = "iPhone Developer";
				COPY_PHASE_STRIP = NO;
				DEBUG_INFORMATION_FORMAT = "dwarf-with-dsym";
				ENABLE_NS_ASSERTIONS = NO;
				ENABLE_STRICT_OBJC_MSGSEND = YES;
				GCC_C_LANGUAGE_STANDARD = gnu99;
				GCC_NO_COMMON_BLOCKS = YES;
				GCC_WARN_64_TO_32_BIT_CONVERSION = YES;
				GCC_WARN_ABOUT_RETURN_TYPE = YES_ERROR;
				GCC_WARN_UNDECLARED_SELECTOR = YES;
				GCC_WARN_UNINITIALIZED_AUTOS = YES_AGGRESSIVE;
				GCC_WARN_UNUSED_FUNCTION = YES;
				GCC_WARN_UNUSED_VARIABLE = YES;
				IPHONEOS_DEPLOYMENT_TARGET = 9.3;
				MTL_ENABLE_DEBUG_INFO = NO;
				SDKROOT = iphoneos;
				VALIDATE_PRODUCT = YES;
			};
			name = Release;
		};
		23F1FA761CEE4628009FF641 /* Debug */ = {
			isa = XCBuildConfiguration;
			buildSettings = {
				ASSETCATALOG_COMPILER_APPICON_NAME = AppIcon;
				CODE_SIGN_IDENTITY = "iPhone Developer";
				"CODE_SIGN_IDENTITY[sdk=iphoneos*]" = "iPhone Developer";
				INFOPLIST_FILE = AppleHelloWorldV2/Info.plist;
				LD_RUNPATH_SEARCH_PATHS = "$(inherited) @executable_path/Frameworks";
				PRODUCT_BUNDLE_IDENTIFIER = net.greenrivertech.yegor.AppleHelloWorldV2;
				PRODUCT_NAME = AppleHelloWorld;
				PROVISIONING_PROFILE = "";
			};
			name = Debug;
		};
		23F1FA771CEE4628009FF641 /* Release */ = {
			isa = XCBuildConfiguration;
			buildSettings = {
				ASSETCATALOG_COMPILER_APPICON_NAME = AppIcon;
				CODE_SIGN_IDENTITY = "iPhone Developer";
				"CODE_SIGN_IDENTITY[sdk=iphoneos*]" = "iPhone Developer";
				INFOPLIST_FILE = AppleHelloWorldV2/Info.plist;
				LD_RUNPATH_SEARCH_PATHS = "$(inherited) @executable_path/Frameworks";
				PRODUCT_BUNDLE_IDENTIFIER = net.greenrivertech.yegor.AppleHelloWorldV2;
				PRODUCT_NAME = AppleHelloWorld;
				PROVISIONING_PROFILE = "";
			};
			name = Release;
		};
/* End XCBuildConfiguration section */

/* Begin XCConfigurationList section */
		23F1FA5E1CEE4628009FF641 /* Build configuration list for PBXProject "AppleHelloWorld" */ = {
			isa = XCConfigurationList;
			buildConfigurations = (
				23F1FA731CEE4628009FF641 /* Debug */,
				23F1FA741CEE4628009FF641 /* Release */,
			);
			defaultConfigurationIsVisible = 0;
			defaultConfigurationName = Release;
		};
		23F1FA751CEE4628009FF641 /* Build configuration list for PBXNativeTarget "AppleHelloWorld" */ = {
			isa = XCConfigurationList;
			buildConfigurations = (
				23F1FA761CEE4628009FF641 /* Debug */,
				23F1FA771CEE4628009FF641 /* Release */,
			);
			defaultConfigurationIsVisible = 0;
			defaultConfigurationName = Release;
		};
/* End XCConfigurationList section */
	};
	rootObject = 23F1FA5B1CEE4628009FF641 /* Project object */;
}
